// !$*UTF8*$!
{
	archiveVersion = 1;
	classes = {
	};
	objectVersion = 46;
	objects = {

/* Begin PBXBuildFile section */
		C0197A411CAE1A4900FEF18E /* main.m in Sources */ = {isa = PBXBuildFile; fileRef = C0197A401CAE1A4900FEF18E /* main.m */; };
		C0197A441CAE1A4900FEF18E /* AppDelegate.m in Sources */ = {isa = PBXBuildFile; fileRef = C0197A431CAE1A4900FEF18E /* AppDelegate.m */; };
		C0197A471CAE1A4900FEF18E /* ViewController.m in Sources */ = {isa = PBXBuildFile; fileRef = C0197A461CAE1A4900FEF18E /* ViewController.m */; };
		C0197A4A1CAE1A4900FEF18E /* Main.storyboard in Resources */ = {isa = PBXBuildFile; fileRef = C0197A481CAE1A4900FEF18E /* Main.storyboard */; };
		C0197A4C1CAE1A4900FEF18E /* Assets.xcassets in Resources */ = {isa = PBXBuildFile; fileRef = C0197A4B1CAE1A4900FEF18E /* Assets.xcassets */; };
		C0197A4F1CAE1A4900FEF18E /* LaunchScreen.storyboard in Resources */ = {isa = PBXBuildFile; fileRef = C0197A4D1CAE1A4900FEF18E /* LaunchScreen.storyboard */; };
		C0197A5A1CAE1A4900FEF18E /* ________Tests.m in Sources */ = {isa = PBXBuildFile; fileRef = C0197A591CAE1A4900FEF18E /* ________Tests.m */; };
		C0197A651CAE1A4900FEF18E /* ________UITests.m in Sources */ = {isa = PBXBuildFile; fileRef = C0197A641CAE1A4900FEF18E /* ________UITests.m */; };
/* End PBXBuildFile section */

/* Begin PBXContainerItemProxy section */
		C0197A561CAE1A4900FEF18E /* PBXContainerItemProxy */ = {
			isa = PBXContainerItemProxy;
			containerPortal = C0197A341CAE1A4800FEF18E /* Project object */;
			proxyType = 1;
			remoteGlobalIDString = C0197A3B1CAE1A4800FEF18E;
			remoteInfo = "仿淘宝的微淘部分";
		};
		C0197A611CAE1A4900FEF18E /* PBXContainerItemProxy */ = {
			isa = PBXContainerItemProxy;
			containerPortal = C0197A341CAE1A4800FEF18E /* Project object */;
			proxyType = 1;
			remoteGlobalIDString = C0197A3B1CAE1A4800FEF18E;
			remoteInfo = "仿淘宝的微淘部分";
		};
/* End PBXContainerItemProxy section */

/* Begin PBXFileReference section */
		C0197A3C1CAE1A4800FEF18E /* 仿淘宝的微淘部分.app */ = {isa = PBXFileReference; explicitFileType = wrapper.application; includeInIndex = 0; path = "仿淘宝的微淘部分.app"; sourceTree = BUILT_PRODUCTS_DIR; };
		C0197A401CAE1A4900FEF18E /* main.m */ = {isa = PBXFileReference; lastKnownFileType = sourcecode.c.objc; path = main.m; sourceTree = "<group>"; };
		C0197A421CAE1A4900FEF18E /* AppDelegate.h */ = {isa = PBXFileReference; lastKnownFileType = sourcecode.c.h; path = AppDelegate.h; sourceTree = "<group>"; };
		C0197A431CAE1A4900FEF18E /* AppDelegate.m */ = {isa = PBXFileReference; lastKnownFileType = sourcecode.c.objc; path = AppDelegate.m; sourceTree = "<group>"; };
		C0197A451CAE1A4900FEF18E /* ViewController.h */ = {isa = PBXFileReference; lastKnownFileType = sourcecode.c.h; path = ViewController.h; sourceTree = "<group>"; };
		C0197A461CAE1A4900FEF18E /* ViewController.m */ = {isa = PBXFileReference; lastKnownFileType = sourcecode.c.objc; path = ViewController.m; sourceTree = "<group>"; };
		C0197A491CAE1A4900FEF18E /* Base */ = {isa = PBXFileReference; lastKnownFileType = file.storyboard; name = Base; path = Base.lproj/Main.storyboard; sourceTree = "<group>"; };
		C0197A4B1CAE1A4900FEF18E /* Assets.xcassets */ = {isa = PBXFileReference; lastKnownFileType = folder.assetcatalog; path = Assets.xcassets; sourceTree = "<group>"; };
		C0197A4E1CAE1A4900FEF18E /* Base */ = {isa = PBXFileReference; lastKnownFileType = file.storyboard; name = Base; path = Base.lproj/LaunchScreen.storyboard; sourceTree = "<group>"; };
		C0197A501CAE1A4900FEF18E /* Info.plist */ = {isa = PBXFileReference; lastKnownFileType = text.plist.xml; path = Info.plist; sourceTree = "<group>"; };
		C0197A551CAE1A4900FEF18E /* 仿淘宝的微淘部分Tests.xctest */ = {isa = PBXFileReference; explicitFileType = wrapper.cfbundle; includeInIndex = 0; path = "仿淘宝的微淘部分Tests.xctest"; sourceTree = BUILT_PRODUCTS_DIR; };
		C0197A591CAE1A4900FEF18E /* ________Tests.m */ = {isa = PBXFileReference; lastKnownFileType = sourcecode.c.objc; path = "________Tests.m"; sourceTree = "<group>"; };
		C0197A5B1CAE1A4900FEF18E /* Info.plist */ = {isa = PBXFileReference; lastKnownFileType = text.plist.xml; path = Info.plist; sourceTree = "<group>"; };
		C0197A601CAE1A4900FEF18E /* 仿淘宝的微淘部分UITests.xctest */ = {isa = PBXFileReference; explicitFileType = wrapper.cfbundle; includeInIndex = 0; path = "仿淘宝的微淘部分UITests.xctest"; sourceTree = BUILT_PRODUCTS_DIR; };
		C0197A641CAE1A4900FEF18E /* ________UITests.m */ = {isa = PBXFileReference; lastKnownFileType = sourcecode.c.objc; path = "________UITests.m"; sourceTree = "<group>"; };
		C0197A661CAE1A4900FEF18E /* Info.plist */ = {isa = PBXFileReference; lastKnownFileType = text.plist.xml; path = Info.plist; sourceTree = "<group>"; };
/* End PBXFileReference section */

/* Begin PBXFrameworksBuildPhase section */
		C0197A391CAE1A4800FEF18E /* Frameworks */ = {
			isa = PBXFrameworksBuildPhase;
			buildActionMask = 2147483647;
			files = (
			);
			runOnlyForDeploymentPostprocessing = 0;
		};
		C0197A521CAE1A4900FEF18E /* Frameworks */ = {
			isa = PBXFrameworksBuildPhase;
			buildActionMask = 2147483647;
			files = (
			);
			runOnlyForDeploymentPostprocessing = 0;
		};
		C0197A5D1CAE1A4900FEF18E /* Frameworks */ = {
			isa = PBXFrameworksBuildPhase;
			buildActionMask = 2147483647;
			files = (
			);
			runOnlyForDeploymentPostprocessing = 0;
		};
/* End PBXFrameworksBuildPhase section */

/* Begin PBXGroup section */
		C0197A331CAE1A4800FEF18E = {
			isa = PBXGroup;
			children = (
				C0197A3E1CAE1A4900FEF18E /* 仿淘宝的微淘部分 */,
				C0197A581CAE1A4900FEF18E /* 仿淘宝的微淘部分Tests */,
				C0197A631CAE1A4900FEF18E /* 仿淘宝的微淘部分UITests */,
				C0197A3D1CAE1A4800FEF18E /* Products */,
			);
			sourceTree = "<group>";
		};
		C0197A3D1CAE1A4800FEF18E /* Products */ = {
			isa = PBXGroup;
			children = (
				C0197A3C1CAE1A4800FEF18E /* 仿淘宝的微淘部分.app */,
				C0197A551CAE1A4900FEF18E /* 仿淘宝的微淘部分Tests.xctest */,
				C0197A601CAE1A4900FEF18E /* 仿淘宝的微淘部分UITests.xctest */,
			);
			name = Products;
			sourceTree = "<group>";
		};
		C0197A3E1CAE1A4900FEF18E /* 仿淘宝的微淘部分 */ = {
			isa = PBXGroup;
			children = (
				C0197A421CAE1A4900FEF18E /* AppDelegate.h */,
				C0197A431CAE1A4900FEF18E /* AppDelegate.m */,
				C0197A451CAE1A4900FEF18E /* ViewController.h */,
				C0197A461CAE1A4900FEF18E /* ViewController.m */,
				C0197A481CAE1A4900FEF18E /* Main.storyboard */,
				C0197A4B1CAE1A4900FEF18E /* Assets.xcassets */,
				C0197A4D1CAE1A4900FEF18E /* LaunchScreen.storyboard */,
				C0197A501CAE1A4900FEF18E /* Info.plist */,
				C0197A3F1CAE1A4900FEF18E /* Supporting Files */,
			);
			path = "仿淘宝的微淘部分";
			sourceTree = "<group>";
		};
		C0197A3F1CAE1A4900FEF18E /* Supporting Files */ = {
			isa = PBXGroup;
			children = (
				C0197A401CAE1A4900FEF18E /* main.m */,
			);
			name = "Supporting Files";
			sourceTree = "<group>";
		};
		C0197A581CAE1A4900FEF18E /* 仿淘宝的微淘部分Tests */ = {
			isa = PBXGroup;
			children = (
				C0197A591CAE1A4900FEF18E /* ________Tests.m */,
				C0197A5B1CAE1A4900FEF18E /* Info.plist */,
			);
			path = "仿淘宝的微淘部分Tests";
			sourceTree = "<group>";
		};
		C0197A631CAE1A4900FEF18E /* 仿淘宝的微淘部分UITests */ = {
			isa = PBXGroup;
			children = (
				C0197A641CAE1A4900FEF18E /* ________UITests.m */,
				C0197A661CAE1A4900FEF18E /* Info.plist */,
			);
			path = "仿淘宝的微淘部分UITests";
			sourceTree = "<group>";
		};
/* End PBXGroup section */

/* Begin PBXNativeTarget section */
		C0197A3B1CAE1A4800FEF18E /* 仿淘宝的微淘部分 */ = {
			isa = PBXNativeTarget;
			buildConfigurationList = C0197A691CAE1A4900FEF18E /* Build configuration list for PBXNativeTarget "仿淘宝的微淘部分" */;
			buildPhases = (
				C0197A381CAE1A4800FEF18E /* Sources */,
				C0197A391CAE1A4800FEF18E /* Frameworks */,
				C0197A3A1CAE1A4800FEF18E /* Resources */,
			);
			buildRules = (
			);
			dependencies = (
			);
			name = "仿淘宝的微淘部分";
			productName = "仿淘宝的微淘部分";
			productReference = C0197A3C1CAE1A4800FEF18E /* 仿淘宝的微淘部分.app */;
			productType = "com.apple.product-type.application";
		};
		C0197A541CAE1A4900FEF18E /* 仿淘宝的微淘部分Tests */ = {
			isa = PBXNativeTarget;
			buildConfigurationList = C0197A6C1CAE1A4900FEF18E /* Build configuration list for PBXNativeTarget "仿淘宝的微淘部分Tests" */;
			buildPhases = (
				C0197A511CAE1A4900FEF18E /* Sources */,
				C0197A521CAE1A4900FEF18E /* Frameworks */,
				C0197A531CAE1A4900FEF18E /* Resources */,
			);
			buildRules = (
			);
			dependencies = (
				C0197A571CAE1A4900FEF18E /* PBXTargetDependency */,
			);
			name = "仿淘宝的微淘部分Tests";
			productName = "仿淘宝的微淘部分Tests";
			productReference = C0197A551CAE1A4900FEF18E /* 仿淘宝的微淘部分Tests.xctest */;
			productType = "com.apple.product-type.bundle.unit-test";
		};
		C0197A5F1CAE1A4900FEF18E /* 仿淘宝的微淘部分UITests */ = {
			isa = PBXNativeTarget;
			buildConfigurationList = C0197A6F1CAE1A4900FEF18E /* Build configuration list for PBXNativeTarget "仿淘宝的微淘部分UITests" */;
			buildPhases = (
				C0197A5C1CAE1A4900FEF18E /* Sources */,
				C0197A5D1CAE1A4900FEF18E /* Frameworks */,
				C0197A5E1CAE1A4900FEF18E /* Resources */,
			);
			buildRules = (
			);
			dependencies = (
				C0197A621CAE1A4900FEF18E /* PBXTargetDependency */,
			);
			name = "仿淘宝的微淘部分UITests";
			productName = "仿淘宝的微淘部分UITests";
			productReference = C0197A601CAE1A4900FEF18E /* 仿淘宝的微淘部分UITests.xctest */;
			productType = "com.apple.product-type.bundle.ui-testing";
		};
/* End PBXNativeTarget section */

/* Begin PBXProject section */
		C0197A341CAE1A4800FEF18E /* Project object */ = {
			isa = PBXProject;
			attributes = {
				LastUpgradeCheck = 0710;
				ORGANIZATIONNAME = "李怀泰";
				TargetAttributes = {
					C0197A3B1CAE1A4800FEF18E = {
						CreatedOnToolsVersion = 7.1.1;
					};
					C0197A541CAE1A4900FEF18E = {
						CreatedOnToolsVersion = 7.1.1;
						TestTargetID = C0197A3B1CAE1A4800FEF18E;
					};
					C0197A5F1CAE1A4900FEF18E = {
						CreatedOnToolsVersion = 7.1.1;
						TestTargetID = C0197A3B1CAE1A4800FEF18E;
					};
				};
			};
			buildConfigurationList = C0197A371CAE1A4800FEF18E /* Build configuration list for PBXProject "仿淘宝的微淘部分" */;
			compatibilityVersion = "Xcode 3.2";
			developmentRegion = English;
			hasScannedForEncodings = 0;
			knownRegions = (
				en,
				Base,
			);
			mainGroup = C0197A331CAE1A4800FEF18E;
			productRefGroup = C0197A3D1CAE1A4800FEF18E /* Products */;
			projectDirPath = "";
			projectRoot = "";
			targets = (
				C0197A3B1CAE1A4800FEF18E /* 仿淘宝的微淘部分 */,
				C0197A541CAE1A4900FEF18E /* 仿淘宝的微淘部分Tests */,
				C0197A5F1CAE1A4900FEF18E /* 仿淘宝的微淘部分UITests */,
			);
		};
/* End PBXProject section */

/* Begin PBXResourcesBuildPhase section */
		C0197A3A1CAE1A4800FEF18E /* Resources */ = {
			isa = PBXResourcesBuildPhase;
			buildActionMask = 2147483647;
			files = (
				C0197A4F1CAE1A4900FEF18E /* LaunchScreen.storyboard in Resources */,
				C0197A4C1CAE1A4900FEF18E /* Assets.xcassets in Resources */,
				C0197A4A1CAE1A4900FEF18E /* Main.storyboard in Resources */,
			);
			runOnlyForDeploymentPostprocessing = 0;
		};
		C0197A531CAE1A4900FEF18E /* Resources */ = {
			isa = PBXResourcesBuildPhase;
			buildActionMask = 2147483647;
			files = (
			);
			runOnlyForDeploymentPostprocessing = 0;
		};
		C0197A5E1CAE1A4900FEF18E /* Resources */ = {
			isa = PBXResourcesBuildPhase;
			buildActionMask = 2147483647;
			files = (
			);
			runOnlyForDeploymentPostprocessing = 0;
		};
/* End PBXResourcesBuildPhase section */

/* Begin PBXSourcesBuildPhase section */
		C0197A381CAE1A4800FEF18E /* Sources */ = {
			isa = PBXSourcesBuildPhase;
			buildActionMask = 2147483647;
			files = (
				C0197A471CAE1A4900FEF18E /* ViewController.m in Sources */,
				C0197A441CAE1A4900FEF18E /* AppDelegate.m in Sources */,
				C0197A411CAE1A4900FEF18E /* main.m in Sources */,
			);
			runOnlyForDeploymentPostprocessing = 0;
		};
		C0197A511CAE1A4900FEF18E /* Sources */ = {
			isa = PBXSourcesBuildPhase;
			buildActionMask = 2147483647;
			files = (
				C0197A5A1CAE1A4900FEF18E /* ________Tests.m in Sources */,
			);
			runOnlyForDeploymentPostprocessing = 0;
		};
		C0197A5C1CAE1A4900FEF18E /* Sources */ = {
			isa = PBXSourcesBuildPhase;
			buildActionMask = 2147483647;
			files = (
				C0197A651CAE1A4900FEF18E /* ________UITests.m in Sources */,
			);
			runOnlyForDeploymentPostprocessing = 0;
		};
/* End PBXSourcesBuildPhase section */

/* Begin PBXTargetDependency section */
		C0197A571CAE1A4900FEF18E /* PBXTargetDependency */ = {
			isa = PBXTargetDependency;
			target = C0197A3B1CAE1A4800FEF18E /* 仿淘宝的微淘部分 */;
			targetProxy = C0197A561CAE1A4900FEF18E /* PBXContainerItemProxy */;
		};
		C0197A621CAE1A4900FEF18E /* PBXTargetDependency */ = {
			isa = PBXTargetDependency;
			target = C0197A3B1CAE1A4800FEF18E /* 仿淘宝的微淘部分 */;
			targetProxy = C0197A611CAE1A4900FEF18E /* PBXContainerItemProxy */;
		};
/* End PBXTargetDependency section */

/* Begin PBXVariantGroup section */
		C0197A481CAE1A4900FEF18E /* Main.storyboard */ = {
			isa = PBXVariantGroup;
			children = (
				C0197A491CAE1A4900FEF18E /* Base */,
			);
			name = Main.storyboard;
			sourceTree = "<group>";
		};
		C0197A4D1CAE1A4900FEF18E /* LaunchScreen.storyboard */ = {
			isa = PBXVariantGroup;
			children = (
				C0197A4E1CAE1A4900FEF18E /* Base */,
			);
			name = LaunchScreen.storyboard;
			sourceTree = "<group>";
		};
/* End PBXVariantGroup section */

/* Begin XCBuildConfiguration section */
		C0197A671CAE1A4900FEF18E /* Debug */ = {
			isa = XCBuildConfiguration;
			buildSettings = {
				ALWAYS_SEARCH_USER_PATHS = NO;
				CLANG_CXX_LANGUAGE_STANDARD = "gnu++0x";
				CLANG_CXX_LIBRARY = "libc++";
				CLANG_ENABLE_MODULES = YES;
				CLANG_ENABLE_OBJC_ARC = YES;
				CLANG_WARN_BOOL_CONVERSION = YES;
				CLANG_WARN_CONSTANT_CONVERSION = YES;
				CLANG_WARN_DIRECT_OBJC_ISA_USAGE = YES_ERROR;
				CLANG_WARN_EMPTY_BODY = YES;
				CLANG_WARN_ENUM_CONVERSION = YES;
				CLANG_WARN_INT_CONVERSION = YES;
				CLANG_WARN_OBJC_ROOT_CLASS = YES_ERROR;
				CLANG_WARN_UNREACHABLE_CODE = YES;
				CLANG_WARN__DUPLICATE_METHOD_MATCH = YES;
				"CODE_SIGN_IDENTITY[sdk=iphoneos*]" = "iPhone Developer";
				COPY_PHASE_STRIP = NO;
				DEBUG_INFORMATION_FORMAT = dwarf;
				ENABLE_STRICT_OBJC_MSGSEND = YES;
				ENABLE_TESTABILITY = YES;
				GCC_C_LANGUAGE_STANDARD = gnu99;
				GCC_DYNAMIC_NO_PIC = NO;
				GCC_NO_COMMON_BLOCKS = YES;
				GCC_OPTIMIZATION_LEVEL = 0;
				GCC_PREPROCESSOR_DEFINITIONS = (
					"DEBUG=1",
					"$(inherited)",
				);
				GCC_WARN_64_TO_32_BIT_CONVERSION = YES;
				GCC_WARN_ABOUT_RETURN_TYPE = YES_ERROR;
				GCC_WARN_UNDECLARED_SELECTOR = YES;
				GCC_WARN_UNINITIALIZED_AUTOS = YES_AGGRESSIVE;
				GCC_WARN_UNUSED_FUNCTION = YES;
				GCC_WARN_UNUSED_VARIABLE = YES;
				IPHONEOS_DEPLOYMENT_TARGET = 9.1;
				MTL_ENABLE_DEBUG_INFO = YES;
				ONLY_ACTIVE_ARCH = YES;
				SDKROOT = iphoneos;
			};
			name = Debug;
		};
		C0197A681CAE1A4900FEF18E /* Release */ = {
			isa = XCBuildConfiguration;
			buildSettings = {
				ALWAYS_SEARCH_USER_PATHS = NO;
				CLANG_CXX_LANGUAGE_STANDARD = "gnu++0x";
				CLANG_CXX_LIBRARY = "libc++";
				CLANG_ENABLE_MODULES = YES;
				CLANG_ENABLE_OBJC_ARC = YES;
				CLANG_WARN_BOOL_CONVERSION = YES;
				CLANG_WARN_CONSTANT_CONVERSION = YES;
				CLANG_WARN_DIRECT_OBJC_ISA_USAGE = YES_ERROR;
				CLANG_WARN_EMPTY_BODY = YES;
				CLANG_WARN_ENUM_CONVERSION = YES;
				CLANG_WARN_INT_CONVERSION = YES;
				CLANG_WARN_OBJC_ROOT_CLASS = YES_ERROR;
				CLANG_WARN_UNREACHABLE_CODE = YES;
				CLANG_WARN__DUPLICATE_METHOD_MATCH = YES;
				"CODE_SIGN_IDENTITY[sdk=iphoneos*]" = "iPhone Developer";
				COPY_PHASE_STRIP = NO;
				DEBUG_INFORMATION_FORMAT = "dwarf-with-dsym";
				ENABLE_NS_ASSERTIONS = NO;
				ENABLE_STRICT_OBJC_MSGSEND = YES;
				GCC_C_LANGUAGE_STANDARD = gnu99;
				GCC_NO_COMMON_BLOCKS = YES;
				GCC_WARN_64_TO_32_BIT_CONVERSION = YES;
				GCC_WARN_ABOUT_RETURN_TYPE = YES_ERROR;
				GCC_WARN_UNDECLARED_SELECTOR = YES;
				GCC_WARN_UNINITIALIZED_AUTOS = YES_AGGRESSIVE;
				GCC_WARN_UNUSED_FUNCTION = YES;
				GCC_WARN_UNUSED_VARIABLE = YES;
				IPHONEOS_DEPLOYMENT_TARGET = 9.1;
				MTL_ENABLE_DEBUG_INFO = NO;
				SDKROOT = iphoneos;
				VALIDATE_PRODUCT = YES;
			};
			name = Release;
		};
		C0197A6A1CAE1A4900FEF18E /* Debug */ = {
			isa = XCBuildConfiguration;
			buildSettings = {
				ASSETCATALOG_COMPILER_APPICON_NAME = AppIcon;
				INFOPLIST_FILE = "仿淘宝的微淘部分/Info.plist";
				LD_RUNPATH_SEARCH_PATHS = "$(inherited) @executable_path/Frameworks";
				PRODUCT_BUNDLE_IDENTIFIER = "sj.--------";
				PRODUCT_NAME = "$(TARGET_NAME)";
			};
			name = Debug;
		};
		C0197A6B1CAE1A4900FEF18E /* Release */ = {
			isa = XCBuildConfiguration;
			buildSettings = {
				ASSETCATALOG_COMPILER_APPICON_NAME = AppIcon;
				INFOPLIST_FILE = "仿淘宝的微淘部分/Info.plist";
				LD_RUNPATH_SEARCH_PATHS = "$(inherited) @executable_path/Frameworks";
				PRODUCT_BUNDLE_IDENTIFIER = "sj.--------";
				PRODUCT_NAME = "$(TARGET_NAME)";
			};
			name = Release;
		};
		C0197A6D1CAE1A4900FEF18E /* Debug */ = {
			isa = XCBuildConfiguration;
			buildSettings = {
				BUNDLE_LOADER = "$(TEST_HOST)";
				INFOPLIST_FILE = "仿淘宝的微淘部分Tests/Info.plist";
				LD_RUNPATH_SEARCH_PATHS = "$(inherited) @executable_path/Frameworks @loader_path/Frameworks";
				PRODUCT_BUNDLE_IDENTIFIER = "sj.--------Tests";
				PRODUCT_NAME = "$(TARGET_NAME)";
				TEST_HOST = "$(BUILT_PRODUCTS_DIR)/仿淘宝的微淘部分.app/仿淘宝的微淘部分";
			};
			name = Debug;
		};
		C0197A6E1CAE1A4900FEF18E /* Release */ = {
			isa = XCBuildConfiguration;
			buildSettings = {
				BUNDLE_LOADER = "$(TEST_HOST)";
				INFOPLIST_FILE = "仿淘宝的微淘部分Tests/Info.plist";
				LD_RUNPATH_SEARCH_PATHS = "$(inherited) @executable_path/Frameworks @loader_path/Frameworks";
				PRODUCT_BUNDLE_IDENTIFIER = "sj.--------Tests";
				PRODUCT_NAME = "$(TARGET_NAME)";
				TEST_HOST = "$(BUILT_PRODUCTS_DIR)/仿淘宝的微淘部分.app/仿淘宝的微淘部分";
			};
			name = Release;
		};
		C0197A701CAE1A4900FEF18E /* Debug */ = {
			isa = XCBuildConfiguration;
			buildSettings = {
				INFOPLIST_FILE = "仿淘宝的微淘部分UITests/Info.plist";
				LD_RUNPATH_SEARCH_PATHS = "$(inherited) @executable_path/Frameworks @loader_path/Frameworks";
				PRODUCT_BUNDLE_IDENTIFIER = "sj.--------UITests";
				PRODUCT_NAME = "$(TARGET_NAME)";
				TEST_TARGET_NAME = "仿淘宝的微淘部分";
				USES_XCTRUNNER = YES;
			};
			name = Debug;
		};
		C0197A711CAE1A4900FEF18E /* Release */ = {
			isa = XCBuildConfiguration;
			buildSettings = {
				INFOPLIST_FILE = "仿淘宝的微淘部分UITests/Info.plist";
				LD_RUNPATH_SEARCH_PATHS = "$(inherited) @executable_path/Frameworks @loader_path/Frameworks";
				PRODUCT_BUNDLE_IDENTIFIER = "sj.--------UITests";
				PRODUCT_NAME = "$(TARGET_NAME)";
				TEST_TARGET_NAME = "仿淘宝的微淘部分";
				USES_XCTRUNNER = YES;
			};
			name = Release;
		};
/* End XCBuildConfiguration section */

/* Begin XCConfigurationList section */
		C0197A371CAE1A4800FEF18E /* Build configuration list for PBXProject "仿淘宝的微淘部分" */ = {
			isa = XCConfigurationList;
			buildConfigurations = (
				C0197A671CAE1A4900FEF18E /* Debug */,
				C0197A681CAE1A4900FEF18E /* Release */,
			);
			defaultConfigurationIsVisible = 0;
			defaultConfigurationName = Release;
		};
		C0197A691CAE1A4900FEF18E /* Build configuration list for PBXNativeTarget "仿淘宝的微淘部分" */ = {
			isa = XCConfigurationList;
			buildConfigurations = (
				C0197A6A1CAE1A4900FEF18E /* Debug */,
				C0197A6B1CAE1A4900FEF18E /* Release */,
			);
			defaultConfigurationIsVisible = 0;
		};
		C0197A6C1CAE1A4900FEF18E /* Build configuration list for PBXNativeTarget "仿淘宝的微淘部分Tests" */ = {
			isa = XCConfigurationList;
			buildConfigurations = (
				C0197A6D1CAE1A4900FEF18E /* Debug */,
				C0197A6E1CAE1A4900FEF18E /* Release */,
			);
			defaultConfigurationIsVisible = 0;
		};
		C0197A6F1CAE1A4900FEF18E /* Build configuration list for PBXNativeTarget "仿淘宝的微淘部分UITests" */ = {
			isa = XCConfigurationList;
			buildConfigurations = (
				C0197A701CAE1A4900FEF18E /* Debug */,
				C0197A711CAE1A4900FEF18E /* Release */,
			);
			defaultConfigurationIsVisible = 0;
		};
/* End XCConfigurationList section */
	};
	rootObject = C0197A341CAE1A4800FEF18E /* Project object */;
}
